<?xml version="1.0" encoding="utf-8"?>
<Project ToolsVersion="4.0" xmlns="http://schemas.microsoft.com/developer/msbuild/2003">
  <ItemGroup>
    <Filter Include="Source Files">
      <UniqueIdentifier>{4FC737F1-C7A5-4376-A066-2A32D752A2FF}</UniqueIdentifier>
      <Extensions>cpp;c;cc;cxx;c++;cppm;ixx;def;odl;idl;hpj;bat;asm;asmx</Extensions>
    </Filter>
    <Filter Include="Header Files">
      <UniqueIdentifier>{93995380-89BD-4b04-88EB-625FBE52EBFB}</UniqueIdentifier>
      <Extensions>h;hh;hpp;hxx;h++;hm;inl;inc;ipp;xsd</Extensions>
    </Filter>
    <Filter Include="Resource Files">
      <UniqueIdentifier>{67DA6AB6-F800-4c08-8B7A-83BB121AAD01}</UniqueIdentifier>
      <Extensions>rc;ico;cur;bmp;dlg;rc2;rct;bin;rgs;gif;jpg;jpeg;jpe;resx;tiff;tif;png;wav;mfcribbon-ms</Extensions>
    </Filter>
    <Filter Include="Header Files\libimage_all">
      <UniqueIdentifier>{67d4c919-bcbb-4f54-8394-d3b945861c00}</UniqueIdentifier>
    </Filter>
    <Filter Include="Source Files\libimage_all">
      <UniqueIdentifier>{05b681e6-343d-4066-a992-4f2fc03b5d71}</UniqueIdentifier>
    </Filter>
    <Filter Include="Header Files\libimage_all\stb">
      <UniqueIdentifier>{8f65480f-b010-4bd4-ad86-f17f10d3a99e}</UniqueIdentifier>
    </Filter>
    <Filter Include="Header Files\libimage_all\math">
      <UniqueIdentifier>{0c90e911-fa34-49cf-88b9-ecf1ef40dbb8}</UniqueIdentifier>
    </Filter>
    <Filter Include="Source Files\math">
      <UniqueIdentifier>{7bc04823-4637-4ba8-a459-d48689c9e640}</UniqueIdentifier>
    </Filter>
    <Filter Include="Header Files\libimage_all\proc">
      <UniqueIdentifier>{2b434698-0a1f-4c28-8196-af16b8f86032}</UniqueIdentifier>
    </Filter>
    <Filter Include="Source Files\proc">
      <UniqueIdentifier>{6a2db850-0f84-4fb9-99cb-61c5c3bec522}</UniqueIdentifier>
    </Filter>
  </ItemGroup>
  <ItemGroup>
    <ClInclude Include="..\..\libimage_all\libimage.hpp">
      <Filter>Header Files\libimage_all</Filter>
    </ClInclude>
    <ClInclude Include="..\..\libimage_all\stb\stb_image.h">
      <Filter>Header Files\libimage_all\stb</Filter>
    </ClInclude>
    <ClInclude Include="..\..\libimage_all\stb\stb_image_resize.h">
      <Filter>Header Files\libimage_all\stb</Filter>
    </ClInclude>
    <ClInclude Include="..\..\libimage_all\stb\stb_image_write.h">
      <Filter>Header Files\libimage_all\stb</Filter>
    </ClInclude>
    <ClInclude Include="..\..\libimage_all\stb_include.hpp">
      <Filter>Header Files\libimage_all</Filter>
    </ClInclude>
    <ClInclude Include="..\..\libimage_all\math\libimage_math.hpp">
      <Filter>Header Files\libimage_all\math</Filter>
    </ClInclude>
    <ClInclude Include="..\..\libimage_all\proc\process.hpp">
      <Filter>Header Files\libimage_all\proc</Filter>
    </ClInclude>
    <ClInclude Include="..\..\libimage_all\proc\proc_template.hpp">
      <Filter>Header Files\libimage_all\proc</Filter>
    </ClInclude>
  </ItemGroup>
  <ItemGroup>
    <ClCompile Include="libimage_all_tests_main.cpp">
      <Filter>Source Files</Filter>
    </ClCompile>
    <ClCompile Include="..\..\libimage_all\libimage.cpp">
      <Filter>Source Files\libimage_all</Filter>
    </ClCompile>
    <ClCompile Include="..\..\libimage_all\math\libimage_math.cpp">
      <Filter>Source Files\math</Filter>
    </ClCompile>
    <ClCompile Include="..\..\libimage_all\proc\process.cpp">
      <Filter>Source Files\proc</Filter>
    </ClCompile>
  </ItemGroup>
</Project>