<?xml version="1.0" encoding="utf-8"?>
<Project ToolsVersion="4.0" xmlns="http://schemas.microsoft.com/developer/msbuild/2003">
  <ItemGroup>
    <Filter Include="Source Files">
      <UniqueIdentifier>{4FC737F1-C7A5-4376-A066-2A32D752A2FF}</UniqueIdentifier>
      <Extensions>cpp;c;cc;cxx;c++;cppm;ixx;def;odl;idl;hpj;bat;asm;asmx</Extensions>
    </Filter>
    <Filter Include="Header Files">
      <UniqueIdentifier>{93995380-89BD-4b04-88EB-625FBE52EBFB}</UniqueIdentifier>
      <Extensions>h;hh;hpp;hxx;h++;hm;inl;inc;ipp;xsd</Extensions>
    </Filter>
    <Filter Include="Resource Files">
      <UniqueIdentifier>{67DA6AB6-F800-4c08-8B7A-83BB121AAD01}</UniqueIdentifier>
      <Extensions>rc;ico;cur;bmp;dlg;rc2;rct;bin;rgs;gif;jpg;jpeg;jpe;resx;tiff;tif;png;wav;mfcribbon-ms</Extensions>
    </Filter>
    <Filter Include="Header Files\libimage">
      <UniqueIdentifier>{8c906236-f588-4e13-83a4-d4d893853cff}</UniqueIdentifier>
    </Filter>
    <Filter Include="Source Files\libimage">
      <UniqueIdentifier>{de7e1ee9-f66f-41aa-ac31-3f543c0e0aad}</UniqueIdentifier>
    </Filter>
    <Filter Include="Header Files\libimage\stb_wrapper">
      <UniqueIdentifier>{d5446da7-86bd-4e19-a119-0a36d1e89660}</UniqueIdentifier>
    </Filter>
    <Filter Include="Source Files\libimage\stb_wrapper">
      <UniqueIdentifier>{b09ae21f-ce1e-4d05-865b-6f2fdb40c4f2}</UniqueIdentifier>
    </Filter>
    <Filter Include="Header Files\libimage\math">
      <UniqueIdentifier>{35c24d64-00e7-4192-af1e-7e996ba3a5fb}</UniqueIdentifier>
    </Filter>
    <Filter Include="Source Files\libimage\math">
      <UniqueIdentifier>{55636988-d3d4-4ccf-a361-5bea9a8b5e80}</UniqueIdentifier>
    </Filter>
    <Filter Include="Header Files\libimage\proc">
      <UniqueIdentifier>{679af4ca-d77d-427c-9f74-82237af1e1c7}</UniqueIdentifier>
    </Filter>
    <Filter Include="Source Files\libimage\proc">
      <UniqueIdentifier>{4a103394-933a-4c37-97cd-c79a27beb9ef}</UniqueIdentifier>
    </Filter>
    <Filter Include="Header Files\utils">
      <UniqueIdentifier>{7dfd7b2a-b4db-429b-93a0-9e73da4d769f}</UniqueIdentifier>
    </Filter>
    <Filter Include="Header Files\libimage\locate">
      <UniqueIdentifier>{90be5463-b960-42e6-b2cf-0e5aa20e0830}</UniqueIdentifier>
    </Filter>
    <Filter Include="Source Files\libimage\locate">
      <UniqueIdentifier>{8dffc2b0-1b8c-4480-91bd-8b9f6a43cf77}</UniqueIdentifier>
    </Filter>
    <Filter Include="Source Files\libimage\proc\simd">
      <UniqueIdentifier>{de8b064a-7c3a-4449-b531-e98c16d374f8}</UniqueIdentifier>
    </Filter>
    <Filter Include="Header Files\libimage\proc\simd">
      <UniqueIdentifier>{8c2ba3dd-2bc2-46cf-83f2-f5012329415c}</UniqueIdentifier>
    </Filter>
  </ItemGroup>
  <ItemGroup>
    <ClCompile Include="libimage_tests_main.cpp">
      <Filter>Source Files</Filter>
    </ClCompile>
    <ClCompile Include="..\..\libimage\stb_wrapper\stb_libimage.cpp">
      <Filter>Source Files\libimage\stb_wrapper</Filter>
    </ClCompile>
    <ClCompile Include="..\..\libimage\math\math.cpp">
      <Filter>Source Files\libimage\math</Filter>
    </ClCompile>
    <ClCompile Include="..\..\libimage\proc\convolve.cpp">
      <Filter>Source Files\libimage\proc</Filter>
    </ClCompile>
    <ClCompile Include="..\..\libimage\libimage.cpp">
      <Filter>Source Files\libimage</Filter>
    </ClCompile>
    <ClCompile Include="..\..\libimage\locate\locate.cpp">
      <Filter>Source Files\libimage\locate</Filter>
    </ClCompile>
    <ClCompile Include="..\..\libimage\proc\copy.cpp">
      <Filter>Source Files\libimage\proc</Filter>
    </ClCompile>
    <ClCompile Include="..\..\libimage\proc\transform.cpp">
      <Filter>Source Files\libimage\proc</Filter>
    </ClCompile>
    <ClCompile Include="..\..\libimage\proc\alpha_blend.cpp">
      <Filter>Source Files\libimage\proc</Filter>
    </ClCompile>
    <ClCompile Include="..\..\libimage\proc\binarize.cpp">
      <Filter>Source Files\libimage\proc</Filter>
    </ClCompile>
    <ClCompile Include="..\..\libimage\proc\blur.cpp">
      <Filter>Source Files\libimage\proc</Filter>
    </ClCompile>
    <ClCompile Include="..\..\libimage\proc\edges_gradients.cpp">
      <Filter>Source Files\libimage\proc</Filter>
    </ClCompile>
    <ClCompile Include="..\..\libimage\math\charts.cpp">
      <Filter>Source Files\libimage\math</Filter>
    </ClCompile>
    <ClCompile Include="..\..\libimage\proc\contrast.cpp">
      <Filter>Source Files\libimage\proc</Filter>
    </ClCompile>
    <ClCompile Include="..\..\libimage\proc\grayscale.cpp">
      <Filter>Source Files\libimage\proc</Filter>
    </ClCompile>
    <ClCompile Include="..\..\libimage\proc\simd\simd_grayscale.cpp">
      <Filter>Source Files\libimage\proc\simd</Filter>
    </ClCompile>
    <ClCompile Include="..\..\libimage\proc\simd\simd_alpha_blend.cpp">
      <Filter>Source Files\libimage\proc\simd</Filter>
    </ClCompile>
    <ClCompile Include="..\..\libimage\proc\simd\simd_convolve.cpp">
      <Filter>Source Files\libimage\proc\simd</Filter>
    </ClCompile>
    <ClCompile Include="..\..\libimage\proc\rotate.cpp">
      <Filter>Source Files\libimage\proc</Filter>
    </ClCompile>
  </ItemGroup>
  <ItemGroup>
    <ClInclude Include="..\..\libimage\libimage.hpp">
      <Filter>Header Files\libimage</Filter>
    </ClInclude>
    <ClInclude Include="..\..\libimage\stb_wrapper\stb_include.hpp">
      <Filter>Header Files\libimage\stb_wrapper</Filter>
    </ClInclude>
    <ClInclude Include="..\..\libimage\math\math.hpp">
      <Filter>Header Files\libimage\math</Filter>
    </ClInclude>
    <ClInclude Include="..\..\libimage\proc\convolve.hpp">
      <Filter>Header Files\libimage\proc</Filter>
    </ClInclude>
    <ClInclude Include="..\..\libimage\proc\process.hpp">
      <Filter>Header Files\libimage\proc</Filter>
    </ClInclude>
    <ClInclude Include="..\utils\stopwatch.hpp">
      <Filter>Header Files\utils</Filter>
    </ClInclude>
    <ClInclude Include="..\utils\win32_leak_check.h">
      <Filter>Header Files\utils</Filter>
    </ClInclude>
    <ClInclude Include="..\..\libimage\proc\index_range.hpp">
      <Filter>Header Files\libimage\proc</Filter>
    </ClInclude>
    <ClInclude Include="..\..\libimage\locate\locate.hpp">
      <Filter>Header Files\libimage\locate</Filter>
    </ClInclude>
    <ClInclude Include="..\..\libimage\types.hpp">
      <Filter>Header Files\libimage</Filter>
    </ClInclude>
    <ClInclude Include="..\..\libimage\rgba.hpp">
      <Filter>Header Files\libimage</Filter>
    </ClInclude>
    <ClInclude Include="..\..\libimage\gray.hpp">
      <Filter>Header Files\libimage</Filter>
    </ClInclude>
    <ClInclude Include="..\..\libimage\proc\verify.hpp">
      <Filter>Header Files\libimage\proc</Filter>
    </ClInclude>
    <ClInclude Include="..\..\libimage\math\charts.hpp">
      <Filter>Header Files\libimage\math</Filter>
    </ClInclude>
    <ClInclude Include="..\..\libimage\defines.hpp">
      <Filter>Header Files\libimage</Filter>
    </ClInclude>
    <ClInclude Include="..\..\libimage\proc\copy.hpp">
      <Filter>Header Files\libimage\proc</Filter>
    </ClInclude>
    <ClInclude Include="..\..\libimage\proc\transform.hpp">
      <Filter>Header Files\libimage\proc</Filter>
    </ClInclude>
    <ClInclude Include="..\..\libimage\proc\alpha_blend.hpp">
      <Filter>Header Files\libimage\proc</Filter>
    </ClInclude>
    <ClInclude Include="..\..\libimage\proc\contrast.hpp">
      <Filter>Header Files\libimage\proc</Filter>
    </ClInclude>
    <ClInclude Include="..\..\libimage\proc\binarize.hpp">
      <Filter>Header Files\libimage\proc</Filter>
    </ClInclude>
    <ClInclude Include="..\..\libimage\proc\proc_def.hpp">
      <Filter>Header Files\libimage\proc</Filter>
    </ClInclude>
    <ClInclude Include="..\..\libimage\proc\blur.hpp">
      <Filter>Header Files\libimage\proc</Filter>
    </ClInclude>
    <ClInclude Include="..\..\libimage\proc\edges.hpp">
      <Filter>Header Files\libimage\proc</Filter>
    </ClInclude>
    <ClInclude Include="..\..\libimage\proc\gradients.hpp">
      <Filter>Header Files\libimage\proc</Filter>
    </ClInclude>
    <ClInclude Include="..\..\libimage\proc\grayscale.hpp">
      <Filter>Header Files\libimage\proc</Filter>
    </ClInclude>
    <ClInclude Include="..\..\libimage\proc\simd\simd_def.hpp">
      <Filter>Header Files\libimage\proc\simd</Filter>
    </ClInclude>
    <ClInclude Include="..\..\libimage\proc\rotate.hpp">
      <Filter>Header Files\libimage\proc</Filter>
    </ClInclude>
  </ItemGroup>
</Project>